
Microsoft Visual Studio Solution File, Format Version 12.00
# Visual Studio Version 17
VisualStudioVersion = 17.0.32014.148
MinimumVisualStudioVersion = 10.0.40219.1
Project("{FAE04EC0-301F-11D3-BF4B-00C04F79EFBC}") = "Voice.Web", "Voice.Web\Voice.Web.csproj", "{A79D2E37-56A6-4B1F-A924-DCAC1D490F51}"
EndProject
Global
	GlobalSection(SolutionConfigurationPlatforms) = preSolution
		Debug|Any CPU = Debug|Any CPU
		Release|Any CPU = Release|Any CPU
	EndGlobalSection
	GlobalSection(ProjectConfigurationPlatforms) = postSolution
		{A79D2E37-56A6-4B1F-A924-DCAC1D490F51}.Debug|Any CPU.ActiveCfg = Debug|Any CPU
		{A79D2E37-56A6-4B1F-A924-DCAC1D490F51}.Debug|Any CPU.Build.0 = Debug|Any CPU
		{A79D2E37-56A6-4B1F-A924-DCAC1D490F51}.Release|Any CPU.ActiveCfg = Release|Any CPU
		{A79D2E37-56A6-4B1F-A924-DCAC1D490F51}.Release|Any CPU.Build.0 = Release|Any CPU
	EndGlobalSection
	GlobalSection(SolutionProperties) = preSolution
		HideSolutionNode = FALSE
	EndGlobalSection
	GlobalSection(ExtensibilityGlobals) = postSolution
		SolutionGuid = {8BD49962-164E-4A3D-AEF7-514278546DCE}
	EndGlobalSection
EndGlobal
